// !$*UTF8*$!
{
	archiveVersion = 1;
	classes = {
	};
	objectVersion = 56;
	objects = {

/* Begin PBXBuildFile section */
		3F794D228B0EC88F581AE026 /* Pods_BabyTracker.framework in Frameworks */ = {isa = PBXBuildFile; fileRef = BD69B02F405799B813B15564 /* Pods_BabyTracker.framework */; };
		808C0B472A45D4DE00AEC365 /* SnapKit in Frameworks */ = {isa = PBXBuildFile; productRef = 808C0B462A45D4DE00AEC365 /* SnapKit */; };
		808C0B492A45D51000AEC365 /* Extension.swift in Sources */ = {isa = PBXBuildFile; fileRef = 808C0B482A45D51000AEC365 /* Extension.swift */; };
		9044D8A82A4B6F250058B2A0 /* Gilroy-Bold.ttf in Resources */ = {isa = PBXBuildFile; fileRef = 9044D8A42A4B6EA20058B2A0 /* Gilroy-Bold.ttf */; };
		9044D8A92A4B6F280058B2A0 /* Gilroy-Light.ttf in Resources */ = {isa = PBXBuildFile; fileRef = 9044D8A52A4B6EA20058B2A0 /* Gilroy-Light.ttf */; };
		9044D8AA2A4B6F2A0058B2A0 /* Gilroy-Medium.ttf in Resources */ = {isa = PBXBuildFile; fileRef = 9044D8A62A4B6EA20058B2A0 /* Gilroy-Medium.ttf */; };
		9044D8AB2A4B6F2D0058B2A0 /* Gilroy-Regular.ttf in Resources */ = {isa = PBXBuildFile; fileRef = 9044D8A32A4B6EA20058B2A0 /* Gilroy-Regular.ttf */; };
		9044D8AC2A4B6F300058B2A0 /* Gilroy-SemiBold.ttf in Resources */ = {isa = PBXBuildFile; fileRef = 9044D8A72A4B6EA20058B2A0 /* Gilroy-SemiBold.ttf */; };
		9044D8AE2A4C4BEB0058B2A0 /* PageViewController.swift in Sources */ = {isa = PBXBuildFile; fileRef = 9044D8AD2A4C4BEB0058B2A0 /* PageViewController.swift */; };
		908887102A4A09E400B8F04C /* OnBoardingViewController.swift in Sources */ = {isa = PBXBuildFile; fileRef = 9088870F2A4A09E400B8F04C /* OnBoardingViewController.swift */; };
		90E2CBB92A45B4CF00B116BE /* AppDelegate.swift in Sources */ = {isa = PBXBuildFile; fileRef = 90E2CBB82A45B4CF00B116BE /* AppDelegate.swift */; };
		90E2CBBB2A45B4CF00B116BE /* SceneDelegate.swift in Sources */ = {isa = PBXBuildFile; fileRef = 90E2CBBA2A45B4CF00B116BE /* SceneDelegate.swift */; };
		90E2CBBD2A45B4CF00B116BE /* RegisterViewController.swift in Sources */ = {isa = PBXBuildFile; fileRef = 90E2CBBC2A45B4CF00B116BE /* RegisterViewController.swift */; };
		90E2CBC22A45B4D000B116BE /* Assets.xcassets in Resources */ = {isa = PBXBuildFile; fileRef = 90E2CBC12A45B4D000B116BE /* Assets.xcassets */; };
		90E2CBC52A45B4D000B116BE /* LaunchScreen.storyboard in Resources */ = {isa = PBXBuildFile; fileRef = 90E2CBC32A45B4D000B116BE /* LaunchScreen.storyboard */; };
		90EE92452A49BB7A003D4471 /* Fonts.swift in Sources */ = {isa = PBXBuildFile; fileRef = 90EE92442A49BB7A003D4471 /* Fonts.swift */; };
		90EE92472A49BC51003D4471 /* R.generated.swift in Sources */ = {isa = PBXBuildFile; fileRef = 90EE92462A49BC51003D4471 /* R.generated.swift */; };
		90EE924A2A49D95C003D4471 /* Teaspoon.ttf in Resources */ = {isa = PBXBuildFile; fileRef = 90EE92492A49D95C003D4471 /* Teaspoon.ttf */; };
/* End PBXBuildFile section */

/* Begin PBXFileReference section */
		808C0B482A45D51000AEC365 /* Extension.swift */ = {isa = PBXFileReference; lastKnownFileType = sourcecode.swift; path = Extension.swift; sourceTree = "<group>"; };
		9044D8A32A4B6EA20058B2A0 /* Gilroy-Regular.ttf */ = {isa = PBXFileReference; lastKnownFileType = file; name = "Gilroy-Regular.ttf"; path = "../../../../../Downloads/gilroy 2/Gilroy-Regular.ttf"; sourceTree = "<group>"; };
		9044D8A42A4B6EA20058B2A0 /* Gilroy-Bold.ttf */ = {isa = PBXFileReference; lastKnownFileType = file; name = "Gilroy-Bold.ttf"; path = "../../../../../Downloads/gilroy 2/Gilroy-Bold.ttf"; sourceTree = "<group>"; };
		9044D8A52A4B6EA20058B2A0 /* Gilroy-Light.ttf */ = {isa = PBXFileReference; lastKnownFileType = file; name = "Gilroy-Light.ttf"; path = "../../../../../Downloads/gilroy 2/Gilroy-Light.ttf"; sourceTree = "<group>"; };
		9044D8A62A4B6EA20058B2A0 /* Gilroy-Medium.ttf */ = {isa = PBXFileReference; lastKnownFileType = file; name = "Gilroy-Medium.ttf"; path = "../../../../../Downloads/gilroy 2/Gilroy-Medium.ttf"; sourceTree = "<group>"; };
		9044D8A72A4B6EA20058B2A0 /* Gilroy-SemiBold.ttf */ = {isa = PBXFileReference; lastKnownFileType = file; name = "Gilroy-SemiBold.ttf"; path = "../../../../../Downloads/gilroy 2/Gilroy-SemiBold.ttf"; sourceTree = "<group>"; };
		9044D8AD2A4C4BEB0058B2A0 /* PageViewController.swift */ = {isa = PBXFileReference; lastKnownFileType = sourcecode.swift; path = PageViewController.swift; sourceTree = "<group>"; };
		9088870F2A4A09E400B8F04C /* OnBoardingViewController.swift */ = {isa = PBXFileReference; lastKnownFileType = sourcecode.swift; path = OnBoardingViewController.swift; sourceTree = "<group>"; };
		90E2CBB52A45B4CF00B116BE /* BabyTracker.app */ = {isa = PBXFileReference; explicitFileType = wrapper.application; includeInIndex = 0; path = BabyTracker.app; sourceTree = BUILT_PRODUCTS_DIR; };
		90E2CBB82A45B4CF00B116BE /* AppDelegate.swift */ = {isa = PBXFileReference; lastKnownFileType = sourcecode.swift; path = AppDelegate.swift; sourceTree = "<group>"; };
		90E2CBBA2A45B4CF00B116BE /* SceneDelegate.swift */ = {isa = PBXFileReference; lastKnownFileType = sourcecode.swift; path = SceneDelegate.swift; sourceTree = "<group>"; };
		90E2CBBC2A45B4CF00B116BE /* RegisterViewController.swift */ = {isa = PBXFileReference; lastKnownFileType = sourcecode.swift; path = RegisterViewController.swift; sourceTree = "<group>"; };
		90E2CBC12A45B4D000B116BE /* Assets.xcassets */ = {isa = PBXFileReference; lastKnownFileType = folder.assetcatalog; path = Assets.xcassets; sourceTree = "<group>"; };
		90E2CBC42A45B4D000B116BE /* Base */ = {isa = PBXFileReference; lastKnownFileType = file.storyboard; name = Base; path = Base.lproj/LaunchScreen.storyboard; sourceTree = "<group>"; };
		90E2CBC62A45B4D000B116BE /* Info.plist */ = {isa = PBXFileReference; lastKnownFileType = text.plist.xml; path = Info.plist; sourceTree = "<group>"; };
		90EE92442A49BB7A003D4471 /* Fonts.swift */ = {isa = PBXFileReference; lastKnownFileType = sourcecode.swift; path = Fonts.swift; sourceTree = "<group>"; };
		90EE92462A49BC51003D4471 /* R.generated.swift */ = {isa = PBXFileReference; fileEncoding = 4; lastKnownFileType = sourcecode.swift; name = R.generated.swift; path = BabyTracker/SupportingFiles/R.generated.swift; sourceTree = SOURCE_ROOT; };
		90EE92492A49D95C003D4471 /* Teaspoon.ttf */ = {isa = PBXFileReference; lastKnownFileType = file; name = Teaspoon.ttf; path = ../../../../../Downloads/Teaspoon.ttf; sourceTree = "<group>"; };
		A0BECB25B5C3D3F4F7A9BBF5 /* Pods-BabyTracker.debug.xcconfig */ = {isa = PBXFileReference; includeInIndex = 1; lastKnownFileType = text.xcconfig; name = "Pods-BabyTracker.debug.xcconfig"; path = "Target Support Files/Pods-BabyTracker/Pods-BabyTracker.debug.xcconfig"; sourceTree = "<group>"; };
		AD932817A05EFCBCCD2674C6 /* Pods-BabyTracker.release.xcconfig */ = {isa = PBXFileReference; includeInIndex = 1; lastKnownFileType = text.xcconfig; name = "Pods-BabyTracker.release.xcconfig"; path = "Target Support Files/Pods-BabyTracker/Pods-BabyTracker.release.xcconfig"; sourceTree = "<group>"; };
		BD69B02F405799B813B15564 /* Pods_BabyTracker.framework */ = {isa = PBXFileReference; explicitFileType = wrapper.framework; includeInIndex = 0; path = Pods_BabyTracker.framework; sourceTree = BUILT_PRODUCTS_DIR; };
/* End PBXFileReference section */

/* Begin PBXFrameworksBuildPhase section */
		90E2CBB22A45B4CF00B116BE /* Frameworks */ = {
			isa = PBXFrameworksBuildPhase;
			buildActionMask = 2147483647;
			files = (
				808C0B472A45D4DE00AEC365 /* SnapKit in Frameworks */,
				3F794D228B0EC88F581AE026 /* Pods_BabyTracker.framework in Frameworks */,
			);
			runOnlyForDeploymentPostprocessing = 0;
		};
/* End PBXFrameworksBuildPhase section */

/* Begin PBXGroup section */
		10568A6592C5F337351E30D6 /* Pods */ = {
			isa = PBXGroup;
			children = (
				A0BECB25B5C3D3F4F7A9BBF5 /* Pods-BabyTracker.debug.xcconfig */,
				AD932817A05EFCBCCD2674C6 /* Pods-BabyTracker.release.xcconfig */,
			);
			path = Pods;
			sourceTree = "<group>";
		};
		9067B00C2A4EF0FB005723EE /* Model */ = {
			isa = PBXGroup;
			children = (
			);
			path = Model;
			sourceTree = "<group>";
		};
		9067B00D2A4EF11D005723EE /* View */ = {
			isa = PBXGroup;
			children = (
				9067B0112A4EF4C3005723EE /* Extensions */,
				9088870F2A4A09E400B8F04C /* OnBoardingViewController.swift */,
				9044D8AD2A4C4BEB0058B2A0 /* PageViewController.swift */,
				90E2CBBC2A45B4CF00B116BE /* RegisterViewController.swift */,
			);
			path = View;
			sourceTree = "<group>";
		};
		9067B00E2A4EF145005723EE /* Presenter */ = {
			isa = PBXGroup;
			children = (
			);
			path = Presenter;
			sourceTree = "<group>";
		};
		9067B00F2A4EF394005723EE /* App */ = {
			isa = PBXGroup;
			children = (
				90E2CBB82A45B4CF00B116BE /* AppDelegate.swift */,
				90E2CBBA2A45B4CF00B116BE /* SceneDelegate.swift */,
			);
			path = App;
			sourceTree = "<group>";
		};
		9067B0102A4EF3BA005723EE /* SupportingFiles */ = {
			isa = PBXGroup;
			children = (
				90EE92462A49BC51003D4471 /* R.generated.swift */,
				90E2CBC12A45B4D000B116BE /* Assets.xcassets */,
				90E2CBC32A45B4D000B116BE /* LaunchScreen.storyboard */,
				90E2CBC62A45B4D000B116BE /* Info.plist */,
			);
			path = SupportingFiles;
			sourceTree = "<group>";
		};
		9067B0112A4EF4C3005723EE /* Extensions */ = {
			isa = PBXGroup;
			children = (
				808C0B482A45D51000AEC365 /* Extension.swift */,
			);
			path = Extensions;
			sourceTree = "<group>";
		};
		90E2CBAC2A45B4CF00B116BE = {
			isa = PBXGroup;
			children = (
				90E2CBB72A45B4CF00B116BE /* BabyTracker */,
				90E2CBB62A45B4CF00B116BE /* Products */,
				10568A6592C5F337351E30D6 /* Pods */,
				AB0758CC3829F7271B9ACE4F /* Frameworks */,
			);
			sourceTree = "<group>";
		};
		90E2CBB62A45B4CF00B116BE /* Products */ = {
			isa = PBXGroup;
			children = (
				90E2CBB52A45B4CF00B116BE /* BabyTracker.app */,
			);
			name = Products;
			sourceTree = "<group>";
		};
		90E2CBB72A45B4CF00B116BE /* BabyTracker */ = {
			isa = PBXGroup;
			children = (
				9067B00F2A4EF394005723EE /* App */,
				9067B00E2A4EF145005723EE /* Presenter */,
				9067B00D2A4EF11D005723EE /* View */,
				9067B00C2A4EF0FB005723EE /* Model */,
				9067B0102A4EF3BA005723EE /* SupportingFiles */,
				90EE92432A49BB6B003D4471 /* Resources */,
			);
			path = BabyTracker;
			sourceTree = "<group>";
		};
		90EE92432A49BB6B003D4471 /* Resources */ = {
			isa = PBXGroup;
			children = (
				90EE92442A49BB7A003D4471 /* Fonts.swift */,
				90EE92482A49D8BE003D4471 /* Fonts */,
			);
			path = Resources;
			sourceTree = "<group>";
		};
		90EE92482A49D8BE003D4471 /* Fonts */ = {
			isa = PBXGroup;
			children = (
				9044D8A42A4B6EA20058B2A0 /* Gilroy-Bold.ttf */,
				9044D8A52A4B6EA20058B2A0 /* Gilroy-Light.ttf */,
				9044D8A62A4B6EA20058B2A0 /* Gilroy-Medium.ttf */,
				9044D8A32A4B6EA20058B2A0 /* Gilroy-Regular.ttf */,
				9044D8A72A4B6EA20058B2A0 /* Gilroy-SemiBold.ttf */,
				90EE92492A49D95C003D4471 /* Teaspoon.ttf */,
			);
			path = Fonts;
			sourceTree = "<group>";
		};
		AB0758CC3829F7271B9ACE4F /* Frameworks */ = {
			isa = PBXGroup;
			children = (
				BD69B02F405799B813B15564 /* Pods_BabyTracker.framework */,
			);
			name = Frameworks;
			sourceTree = "<group>";
		};
/* End PBXGroup section */

/* Begin PBXNativeTarget section */
		90E2CBB42A45B4CF00B116BE /* BabyTracker */ = {
			isa = PBXNativeTarget;
			buildConfigurationList = 90E2CBC92A45B4D000B116BE /* Build configuration list for PBXNativeTarget "BabyTracker" */;
			buildPhases = (
				A9810F3A1CAB61DECD2757F5 /* [CP] Check Pods Manifest.lock */,
				906D72102A49B96A00303644 /* ShellScript */,
				90E2CBB12A45B4CF00B116BE /* Sources */,
				90E2CBB22A45B4CF00B116BE /* Frameworks */,
				90E2CBB32A45B4CF00B116BE /* Resources */,
				D0ACD107BD26180B0DF5DC82 /* [CP] Embed Pods Frameworks */,
			);
			buildRules = (
			);
			dependencies = (
			);
			name = BabyTracker;
			packageProductDependencies = (
				808C0B462A45D4DE00AEC365 /* SnapKit */,
			);
			productName = BabyTracker;
			productReference = 90E2CBB52A45B4CF00B116BE /* BabyTracker.app */;
			productType = "com.apple.product-type.application";
		};
/* End PBXNativeTarget section */

/* Begin PBXProject section */
		90E2CBAD2A45B4CF00B116BE /* Project object */ = {
			isa = PBXProject;
			attributes = {
				BuildIndependentTargetsInParallel = 1;
				KnownAssetTags = (
					New,
				);
				LastSwiftUpdateCheck = 1430;
				LastUpgradeCheck = 1430;
				TargetAttributes = {
					90E2CBB42A45B4CF00B116BE = {
						CreatedOnToolsVersion = 14.3;
					};
				};
			};
			buildConfigurationList = 90E2CBB02A45B4CF00B116BE /* Build configuration list for PBXProject "BabyTracker" */;
			compatibilityVersion = "Xcode 14.0";
			developmentRegion = en;
			hasScannedForEncodings = 0;
			knownRegions = (
				en,
				Base,
			);
			mainGroup = 90E2CBAC2A45B4CF00B116BE;
			packageReferences = (
				808C0B452A45D4DE00AEC365 /* XCRemoteSwiftPackageReference "SnapKit" */,
			);
			productRefGroup = 90E2CBB62A45B4CF00B116BE /* Products */;
			projectDirPath = "";
			projectRoot = "";
			targets = (
				90E2CBB42A45B4CF00B116BE /* BabyTracker */,
			);
		};
/* End PBXProject section */

/* Begin PBXResourcesBuildPhase section */
		90E2CBB32A45B4CF00B116BE /* Resources */ = {
			isa = PBXResourcesBuildPhase;
			buildActionMask = 2147483647;
			files = (
				90E2CBC52A45B4D000B116BE /* LaunchScreen.storyboard in Resources */,
				9044D8AC2A4B6F300058B2A0 /* Gilroy-SemiBold.ttf in Resources */,
				9044D8AA2A4B6F2A0058B2A0 /* Gilroy-Medium.ttf in Resources */,
				90E2CBC22A45B4D000B116BE /* Assets.xcassets in Resources */,
				90EE924A2A49D95C003D4471 /* Teaspoon.ttf in Resources */,
				9044D8A92A4B6F280058B2A0 /* Gilroy-Light.ttf in Resources */,
				9044D8AB2A4B6F2D0058B2A0 /* Gilroy-Regular.ttf in Resources */,
				9044D8A82A4B6F250058B2A0 /* Gilroy-Bold.ttf in Resources */,
			);
			runOnlyForDeploymentPostprocessing = 0;
		};
/* End PBXResourcesBuildPhase section */

/* Begin PBXShellScriptBuildPhase section */
		906D72102A49B96A00303644 /* ShellScript */ = {
			isa = PBXShellScriptBuildPhase;
			alwaysOutOfDate = 1;
			buildActionMask = 2147483647;
			files = (
			);
			inputFileListPaths = (
			);
			inputPaths = (
			);
			outputFileListPaths = (
			);
			outputPaths = (
				$SRCROOT/R.generated.swift,
			);
			runOnlyForDeploymentPostprocessing = 0;
			shellPath = /bin/sh;
			shellScript = "\"$PODS_ROOT/R.swift/rswift\" generate \"$SRCROOT/R.generated.swift\"\n";
		};
		A9810F3A1CAB61DECD2757F5 /* [CP] Check Pods Manifest.lock */ = {
			isa = PBXShellScriptBuildPhase;
			buildActionMask = 2147483647;
			files = (
			);
			inputFileListPaths = (
			);
			inputPaths = (
				"${PODS_PODFILE_DIR_PATH}/Podfile.lock",
				"${PODS_ROOT}/Manifest.lock",
			);
			name = "[CP] Check Pods Manifest.lock";
			outputFileListPaths = (
			);
			outputPaths = (
				"$(DERIVED_FILE_DIR)/Pods-BabyTracker-checkManifestLockResult.txt",
			);
			runOnlyForDeploymentPostprocessing = 0;
			shellPath = /bin/sh;
			shellScript = "diff \"${PODS_PODFILE_DIR_PATH}/Podfile.lock\" \"${PODS_ROOT}/Manifest.lock\" > /dev/null\nif [ $? != 0 ] ; then\n    # print error to STDERR\n    echo \"error: The sandbox is not in sync with the Podfile.lock. Run 'pod install' or update your CocoaPods installation.\" >&2\n    exit 1\nfi\n# This output is used by Xcode 'outputs' to avoid re-running this script phase.\necho \"SUCCESS\" > \"${SCRIPT_OUTPUT_FILE_0}\"\n";
			showEnvVarsInLog = 0;
		};
		D0ACD107BD26180B0DF5DC82 /* [CP] Embed Pods Frameworks */ = {
			isa = PBXShellScriptBuildPhase;
			buildActionMask = 2147483647;
			files = (
			);
			inputFileListPaths = (
				"${PODS_ROOT}/Target Support Files/Pods-BabyTracker/Pods-BabyTracker-frameworks-${CONFIGURATION}-input-files.xcfilelist",
			);
			name = "[CP] Embed Pods Frameworks";
			outputFileListPaths = (
				"${PODS_ROOT}/Target Support Files/Pods-BabyTracker/Pods-BabyTracker-frameworks-${CONFIGURATION}-output-files.xcfilelist",
			);
			runOnlyForDeploymentPostprocessing = 0;
			shellPath = /bin/sh;
			shellScript = "\"${PODS_ROOT}/Target Support Files/Pods-BabyTracker/Pods-BabyTracker-frameworks.sh\"\n";
			showEnvVarsInLog = 0;
		};
/* End PBXShellScriptBuildPhase section */

/* Begin PBXSourcesBuildPhase section */
		90E2CBB12A45B4CF00B116BE /* Sources */ = {
			isa = PBXSourcesBuildPhase;
			buildActionMask = 2147483647;
			files = (
				90E2CBBD2A45B4CF00B116BE /* RegisterViewController.swift in Sources */,
				90EE92452A49BB7A003D4471 /* Fonts.swift in Sources */,
				908887102A4A09E400B8F04C /* OnBoardingViewController.swift in Sources */,
				90E2CBB92A45B4CF00B116BE /* AppDelegate.swift in Sources */,
				90E2CBBB2A45B4CF00B116BE /* SceneDelegate.swift in Sources */,
				808C0B492A45D51000AEC365 /* Extension.swift in Sources */,
				90EE92472A49BC51003D4471 /* R.generated.swift in Sources */,
				9044D8AE2A4C4BEB0058B2A0 /* PageViewController.swift in Sources */,
			);
			runOnlyForDeploymentPostprocessing = 0;
		};
/* End PBXSourcesBuildPhase section */

/* Begin PBXVariantGroup section */
		90E2CBC32A45B4D000B116BE /* LaunchScreen.storyboard */ = {
			isa = PBXVariantGroup;
			children = (
				90E2CBC42A45B4D000B116BE /* Base */,
			);
			name = LaunchScreen.storyboard;
			sourceTree = "<group>";
		};
/* End PBXVariantGroup section */

/* Begin XCBuildConfiguration section */
		90E2CBC72A45B4D000B116BE /* Debug */ = {
			isa = XCBuildConfiguration;
			buildSettings = {
				ALWAYS_SEARCH_USER_PATHS = NO;
				CLANG_ANALYZER_NONNULL = YES;
				CLANG_ANALYZER_NUMBER_OBJECT_CONVERSION = YES_AGGRESSIVE;
				CLANG_CXX_LANGUAGE_STANDARD = "gnu++20";
				CLANG_ENABLE_MODULES = YES;
				CLANG_ENABLE_OBJC_ARC = YES;
				CLANG_ENABLE_OBJC_WEAK = YES;
				CLANG_WARN_BLOCK_CAPTURE_AUTORELEASING = YES;
				CLANG_WARN_BOOL_CONVERSION = YES;
				CLANG_WARN_COMMA = YES;
				CLANG_WARN_CONSTANT_CONVERSION = YES;
				CLANG_WARN_DEPRECATED_OBJC_IMPLEMENTATIONS = YES;
				CLANG_WARN_DIRECT_OBJC_ISA_USAGE = YES_ERROR;
				CLANG_WARN_DOCUMENTATION_COMMENTS = YES;
				CLANG_WARN_EMPTY_BODY = YES;
				CLANG_WARN_ENUM_CONVERSION = YES;
				CLANG_WARN_INFINITE_RECURSION = YES;
				CLANG_WARN_INT_CONVERSION = YES;
				CLANG_WARN_NON_LITERAL_NULL_CONVERSION = YES;
				CLANG_WARN_OBJC_IMPLICIT_RETAIN_SELF = YES;
				CLANG_WARN_OBJC_LITERAL_CONVERSION = YES;
				CLANG_WARN_OBJC_ROOT_CLASS = YES_ERROR;
				CLANG_WARN_QUOTED_INCLUDE_IN_FRAMEWORK_HEADER = YES;
				CLANG_WARN_RANGE_LOOP_ANALYSIS = YES;
				CLANG_WARN_STRICT_PROTOTYPES = YES;
				CLANG_WARN_SUSPICIOUS_MOVE = YES;
				CLANG_WARN_UNGUARDED_AVAILABILITY = YES_AGGRESSIVE;
				CLANG_WARN_UNREACHABLE_CODE = YES;
				CLANG_WARN__DUPLICATE_METHOD_MATCH = YES;
				COPY_PHASE_STRIP = NO;
				DEBUG_INFORMATION_FORMAT = dwarf;
				ENABLE_STRICT_OBJC_MSGSEND = YES;
				ENABLE_TESTABILITY = YES;
				GCC_C_LANGUAGE_STANDARD = gnu11;
				GCC_DYNAMIC_NO_PIC = NO;
				GCC_NO_COMMON_BLOCKS = YES;
				GCC_OPTIMIZATION_LEVEL = 0;
				GCC_PREPROCESSOR_DEFINITIONS = (
					"DEBUG=1",
					"$(inherited)",
				);
				GCC_WARN_64_TO_32_BIT_CONVERSION = YES;
				GCC_WARN_ABOUT_RETURN_TYPE = YES_ERROR;
				GCC_WARN_UNDECLARED_SELECTOR = YES;
				GCC_WARN_UNINITIALIZED_AUTOS = YES_AGGRESSIVE;
				GCC_WARN_UNUSED_FUNCTION = YES;
				GCC_WARN_UNUSED_VARIABLE = YES;
				IPHONEOS_DEPLOYMENT_TARGET = 14.0;
				MTL_ENABLE_DEBUG_INFO = INCLUDE_SOURCE;
				MTL_FAST_MATH = YES;
				ONLY_ACTIVE_ARCH = YES;
				SDKROOT = iphoneos;
				SWIFT_ACTIVE_COMPILATION_CONDITIONS = DEBUG;
				SWIFT_OPTIMIZATION_LEVEL = "-Onone";
			};
			name = Debug;
		};
		90E2CBC82A45B4D000B116BE /* Release */ = {
			isa = XCBuildConfiguration;
			buildSettings = {
				ALWAYS_SEARCH_USER_PATHS = NO;
				CLANG_ANALYZER_NONNULL = YES;
				CLANG_ANALYZER_NUMBER_OBJECT_CONVERSION = YES_AGGRESSIVE;
				CLANG_CXX_LANGUAGE_STANDARD = "gnu++20";
				CLANG_ENABLE_MODULES = YES;
				CLANG_ENABLE_OBJC_ARC = YES;
				CLANG_ENABLE_OBJC_WEAK = YES;
				CLANG_WARN_BLOCK_CAPTURE_AUTORELEASING = YES;
				CLANG_WARN_BOOL_CONVERSION = YES;
				CLANG_WARN_COMMA = YES;
				CLANG_WARN_CONSTANT_CONVERSION = YES;
				CLANG_WARN_DEPRECATED_OBJC_IMPLEMENTATIONS = YES;
				CLANG_WARN_DIRECT_OBJC_ISA_USAGE = YES_ERROR;
				CLANG_WARN_DOCUMENTATION_COMMENTS = YES;
				CLANG_WARN_EMPTY_BODY = YES;
				CLANG_WARN_ENUM_CONVERSION = YES;
				CLANG_WARN_INFINITE_RECURSION = YES;
				CLANG_WARN_INT_CONVERSION = YES;
				CLANG_WARN_NON_LITERAL_NULL_CONVERSION = YES;
				CLANG_WARN_OBJC_IMPLICIT_RETAIN_SELF = YES;
				CLANG_WARN_OBJC_LITERAL_CONVERSION = YES;
				CLANG_WARN_OBJC_ROOT_CLASS = YES_ERROR;
				CLANG_WARN_QUOTED_INCLUDE_IN_FRAMEWORK_HEADER = YES;
				CLANG_WARN_RANGE_LOOP_ANALYSIS = YES;
				CLANG_WARN_STRICT_PROTOTYPES = YES;
				CLANG_WARN_SUSPICIOUS_MOVE = YES;
				CLANG_WARN_UNGUARDED_AVAILABILITY = YES_AGGRESSIVE;
				CLANG_WARN_UNREACHABLE_CODE = YES;
				CLANG_WARN__DUPLICATE_METHOD_MATCH = YES;
				COPY_PHASE_STRIP = NO;
				DEBUG_INFORMATION_FORMAT = "dwarf-with-dsym";
				ENABLE_NS_ASSERTIONS = NO;
				ENABLE_STRICT_OBJC_MSGSEND = YES;
				GCC_C_LANGUAGE_STANDARD = gnu11;
				GCC_NO_COMMON_BLOCKS = YES;
				GCC_WARN_64_TO_32_BIT_CONVERSION = YES;
				GCC_WARN_ABOUT_RETURN_TYPE = YES_ERROR;
				GCC_WARN_UNDECLARED_SELECTOR = YES;
				GCC_WARN_UNINITIALIZED_AUTOS = YES_AGGRESSIVE;
				GCC_WARN_UNUSED_FUNCTION = YES;
				GCC_WARN_UNUSED_VARIABLE = YES;
				IPHONEOS_DEPLOYMENT_TARGET = 14.0;
				MTL_ENABLE_DEBUG_INFO = NO;
				MTL_FAST_MATH = YES;
				SDKROOT = iphoneos;
				SWIFT_COMPILATION_MODE = wholemodule;
				SWIFT_OPTIMIZATION_LEVEL = "-O";
				VALIDATE_PRODUCT = YES;
			};
			name = Release;
		};
		90E2CBCA2A45B4D000B116BE /* Debug */ = {
			isa = XCBuildConfiguration;
			baseConfigurationReference = A0BECB25B5C3D3F4F7A9BBF5 /* Pods-BabyTracker.debug.xcconfig */;
			buildSettings = {
				ASSETCATALOG_COMPILER_APPICON_NAME = AppIcon;
				ASSETCATALOG_COMPILER_GLOBAL_ACCENT_COLOR_NAME = AccentColor;
				CODE_SIGN_STYLE = Automatic;
				CURRENT_PROJECT_VERSION = 1;
				DEVELOPMENT_TEAM = GTMA39LQ82;
				GENERATE_INFOPLIST_FILE = YES;
				INFOPLIST_FILE = BabyTracker/SupportingFiles/Info.plist;
				INFOPLIST_KEY_UIApplicationSupportsIndirectInputEvents = YES;
				INFOPLIST_KEY_UILaunchStoryboardName = LaunchScreen;
				INFOPLIST_KEY_UISupportedInterfaceOrientations_iPad = "UIInterfaceOrientationPortrait UIInterfaceOrientationPortraitUpsideDown UIInterfaceOrientationLandscapeLeft UIInterfaceOrientationLandscapeRight";
				INFOPLIST_KEY_UISupportedInterfaceOrientations_iPhone = "UIInterfaceOrientationPortrait UIInterfaceOrientationLandscapeLeft UIInterfaceOrientationLandscapeRight";
				LD_RUNPATH_SEARCH_PATHS = (
					"$(inherited)",
					"@executable_path/Frameworks",
				);
				MARKETING_VERSION = 1.0;
				PRODUCT_BUNDLE_IDENTIFIER = app.BabyTracker;
				PRODUCT_NAME = "$(TARGET_NAME)";
				SWIFT_EMIT_LOC_STRINGS = YES;
				SWIFT_VERSION = 5.0;
				TARGETED_DEVICE_FAMILY = "1,2";
			};
			name = Debug;
		};
		90E2CBCB2A45B4D000B116BE /* Release */ = {
			isa = XCBuildConfiguration;
			baseConfigurationReference = AD932817A05EFCBCCD2674C6 /* Pods-BabyTracker.release.xcconfig */;
			buildSettings = {
				ASSETCATALOG_COMPILER_APPICON_NAME = AppIcon;
				ASSETCATALOG_COMPILER_GLOBAL_ACCENT_COLOR_NAME = AccentColor;
				CODE_SIGN_STYLE = Automatic;
				CURRENT_PROJECT_VERSION = 1;
				DEVELOPMENT_TEAM = GTMA39LQ82;
				GENERATE_INFOPLIST_FILE = YES;
				INFOPLIST_FILE = BabyTracker/SupportingFiles/Info.plist;
				INFOPLIST_KEY_UIApplicationSupportsIndirectInputEvents = YES;
				INFOPLIST_KEY_UILaunchStoryboardName = LaunchScreen;
				INFOPLIST_KEY_UISupportedInterfaceOrientations_iPad = "UIInterfaceOrientationPortrait UIInterfaceOrientationPortraitUpsideDown UIInterfaceOrientationLandscapeLeft UIInterfaceOrientationLandscapeRight";
				INFOPLIST_KEY_UISupportedInterfaceOrientations_iPhone = "UIInterfaceOrientationPortrait UIInterfaceOrientationLandscapeLeft UIInterfaceOrientationLandscapeRight";
				LD_RUNPATH_SEARCH_PATHS = (
					"$(inherited)",
					"@executable_path/Frameworks",
				);
				MARKETING_VERSION = 1.0;
				PRODUCT_BUNDLE_IDENTIFIER = app.BabyTracker;
				PRODUCT_NAME = "$(TARGET_NAME)";
				SWIFT_EMIT_LOC_STRINGS = YES;
				SWIFT_VERSION = 5.0;
				TARGETED_DEVICE_FAMILY = "1,2";
			};
			name = Release;
		};
/* End XCBuildConfiguration section */

/* Begin XCConfigurationList section */
		90E2CBB02A45B4CF00B116BE /* Build configuration list for PBXProject "BabyTracker" */ = {
			isa = XCConfigurationList;
			buildConfigurations = (
				90E2CBC72A45B4D000B116BE /* Debug */,
				90E2CBC82A45B4D000B116BE /* Release */,
			);
			defaultConfigurationIsVisible = 0;
			defaultConfigurationName = Release;
		};
		90E2CBC92A45B4D000B116BE /* Build configuration list for PBXNativeTarget "BabyTracker" */ = {
			isa = XCConfigurationList;
			buildConfigurations = (
				90E2CBCA2A45B4D000B116BE /* Debug */,
				90E2CBCB2A45B4D000B116BE /* Release */,
			);
			defaultConfigurationIsVisible = 0;
			defaultConfigurationName = Release;
		};
/* End XCConfigurationList section */

/* Begin XCRemoteSwiftPackageReference section */
		808C0B452A45D4DE00AEC365 /* XCRemoteSwiftPackageReference "SnapKit" */ = {
			isa = XCRemoteSwiftPackageReference;
			repositoryURL = "https://github.com/SnapKit/SnapKit.git";
			requirement = {
				kind = upToNextMajorVersion;
				minimumVersion = 5.0.0;
			};
		};
/* End XCRemoteSwiftPackageReference section */

/* Begin XCSwiftPackageProductDependency section */
		808C0B462A45D4DE00AEC365 /* SnapKit */ = {
			isa = XCSwiftPackageProductDependency;
			package = 808C0B452A45D4DE00AEC365 /* XCRemoteSwiftPackageReference "SnapKit" */;
			productName = SnapKit;
		};
/* End XCSwiftPackageProductDependency section */
	};
	rootObject = 90E2CBAD2A45B4CF00B116BE /* Project object */;
}
