// !$*UTF8*$!
{
	archiveVersion = 1;
	classes = {
	};
	objectVersion = 56;
	objects = {

/* Begin PBXBuildFile section */
		3F794D228B0EC88F581AE026 /* Pods_BabyTracker.framework in Frameworks */ = {isa = PBXBuildFile; fileRef = BD69B02F405799B813B15564 /* Pods_BabyTracker.framework */; };
		4B7D69C82A65598E00EF3F75 /* Coordinator.swift in Sources */ = {isa = PBXBuildFile; fileRef = 4B7D69C72A65598E00EF3F75 /* Coordinator.swift */; };
		4B7D69CB2A6559B800EF3F75 /* AppCoordinator.swift in Sources */ = {isa = PBXBuildFile; fileRef = 4B7D69CA2A6559B800EF3F75 /* AppCoordinator.swift */; };
		4B7D69CD2A655A0400EF3F75 /* OnboardingCoordinator.swift in Sources */ = {isa = PBXBuildFile; fileRef = 4B7D69CC2A655A0400EF3F75 /* OnboardingCoordinator.swift */; };
		4B7D69CF2A65690800EF3F75 /* CreateProfileCoordinator.swift in Sources */ = {isa = PBXBuildFile; fileRef = 4B7D69CE2A65690800EF3F75 /* CreateProfileCoordinator.swift */; };
		808C0B492A45D51000AEC365 /* Extension.swift in Sources */ = {isa = PBXBuildFile; fileRef = 808C0B482A45D51000AEC365 /* Extension.swift */; };
		87E8F1DE2A6521FA0067B7E6 /* UserDefaultsSettings.swift in Sources */ = {isa = PBXBuildFile; fileRef = 87E8F1DD2A6521FA0067B7E6 /* UserDefaultsSettings.swift */; };
		87E8F1EE2A652A130067B7E6 /* RegistrationPresenter.swift in Sources */ = {isa = PBXBuildFile; fileRef = 87E8F1E42A652A130067B7E6 /* RegistrationPresenter.swift */; };
		87E8F1EF2A652A130067B7E6 /* RegisterViewController.swift in Sources */ = {isa = PBXBuildFile; fileRef = 87E8F1E62A652A130067B7E6 /* RegisterViewController.swift */; };
		87E8F1F02A652A130067B7E6 /* CreateProfilePresenter.swift in Sources */ = {isa = PBXBuildFile; fileRef = 87E8F1E92A652A130067B7E6 /* CreateProfilePresenter.swift */; };
		87E8F1F12A652A130067B7E6 /* Model.swift in Sources */ = {isa = PBXBuildFile; fileRef = 87E8F1EB2A652A130067B7E6 /* Model.swift */; };
		87E8F1F22A652A130067B7E6 /* CreateProfileVC.swift in Sources */ = {isa = PBXBuildFile; fileRef = 87E8F1ED2A652A130067B7E6 /* CreateProfileVC.swift */; };
		9007E62A2A51996100A9E144 /* PageItems.swift in Sources */ = {isa = PBXBuildFile; fileRef = 9007E6292A51996100A9E144 /* PageItems.swift */; };
		9007E62C2A519BE300A9E144 /* PageViewController.swift in Sources */ = {isa = PBXBuildFile; fileRef = 9007E62B2A519BE300A9E144 /* PageViewController.swift */; };
		901BED6C2A64375000954E2E /* SubscriptionViewController.swift in Sources */ = {isa = PBXBuildFile; fileRef = 901BED6B2A64375000954E2E /* SubscriptionViewController.swift */; };
		90464F842A5DE2D900DA431D /* PopupViewController.swift in Sources */ = {isa = PBXBuildFile; fileRef = 90464F832A5DE2D900DA431D /* PopupViewController.swift */; };
		90464F882A5EEB9A00DA431D /* PopupPresenter.swift in Sources */ = {isa = PBXBuildFile; fileRef = 90464F872A5EEB9A00DA431D /* PopupPresenter.swift */; };
		90464F8B2A5FDE0600DA431D /* NetworkManager.swift in Sources */ = {isa = PBXBuildFile; fileRef = 90464F8A2A5FDE0600DA431D /* NetworkManager.swift */; };
		90464F8E2A63293300DA431D /* PopupModel.swift in Sources */ = {isa = PBXBuildFile; fileRef = 90464F8D2A63293300DA431D /* PopupModel.swift */; };
		906160972A69243000715C64 /* SubscriptionCoordinator.swift in Sources */ = {isa = PBXBuildFile; fileRef = 906160962A69243000715C64 /* SubscriptionCoordinator.swift */; };
		9061609A2A6A672A00715C64 /* CustomTextField.swift in Sources */ = {isa = PBXBuildFile; fileRef = 906160992A6A672A00715C64 /* CustomTextField.swift */; };
		9061609E2A6AB7A700715C64 /* PopupCoordinator.swift in Sources */ = {isa = PBXBuildFile; fileRef = 9061609D2A6AB7A700715C64 /* PopupCoordinator.swift */; };
		906160A02A6D8D9700715C64 /* CustomSwitch.swift in Sources */ = {isa = PBXBuildFile; fileRef = 9061609F2A6D8D9700715C64 /* CustomSwitch.swift */; };
		906160A22A6DD2C500715C64 /* BorderView.swift in Sources */ = {isa = PBXBuildFile; fileRef = 906160A12A6DD2C500715C64 /* BorderView.swift */; };
		906160A42A6DD31500715C64 /* CustomNavigationController.swift in Sources */ = {isa = PBXBuildFile; fileRef = 906160A32A6DD31500715C64 /* CustomNavigationController.swift */; };
		906160A72A6E83BF00715C64 /* SubscriptionModel.swift in Sources */ = {isa = PBXBuildFile; fileRef = 906160A62A6E83BF00715C64 /* SubscriptionModel.swift */; };
		906160A92A6E83D000715C64 /* SubscriptionPresenter.swift in Sources */ = {isa = PBXBuildFile; fileRef = 906160A82A6E83D000715C64 /* SubscriptionPresenter.swift */; };
		908887102A4A09E400B8F04C /* PageCell.swift in Sources */ = {isa = PBXBuildFile; fileRef = 9088870F2A4A09E400B8F04C /* PageCell.swift */; };
		90943D5E2A51DC1400763063 /* Localizable.strings in Resources */ = {isa = PBXBuildFile; fileRef = 90943D602A51DC1400763063 /* Localizable.strings */; };
		90CDD7A32A5DDFFE00945581 /* BaseButton.swift in Sources */ = {isa = PBXBuildFile; fileRef = 90CDD7A22A5DDFFE00945581 /* BaseButton.swift */; };
		90CDD7A52A5DE03500945581 /* ColorButtons.swift in Sources */ = {isa = PBXBuildFile; fileRef = 90CDD7A42A5DE03500945581 /* ColorButtons.swift */; };
		90E2CBB92A45B4CF00B116BE /* AppDelegate.swift in Sources */ = {isa = PBXBuildFile; fileRef = 90E2CBB82A45B4CF00B116BE /* AppDelegate.swift */; };
		90E2CBBB2A45B4CF00B116BE /* SceneDelegate.swift in Sources */ = {isa = PBXBuildFile; fileRef = 90E2CBBA2A45B4CF00B116BE /* SceneDelegate.swift */; };
		90E2CBC22A45B4D000B116BE /* Assets.xcassets in Resources */ = {isa = PBXBuildFile; fileRef = 90E2CBC12A45B4D000B116BE /* Assets.xcassets */; };
		90E2CBC52A45B4D000B116BE /* LaunchScreen.storyboard in Resources */ = {isa = PBXBuildFile; fileRef = 90E2CBC32A45B4D000B116BE /* LaunchScreen.storyboard */; };
		90E9551E2A58120E003D2109 /* PagePresenter.swift in Sources */ = {isa = PBXBuildFile; fileRef = 90E9551D2A58120E003D2109 /* PagePresenter.swift */; };
		90E955252A583B44003D2109 /* Gilroy-Medium.ttf in Resources */ = {isa = PBXBuildFile; fileRef = 90E955222A5839F9003D2109 /* Gilroy-Medium.ttf */; };
		90E955262A583B46003D2109 /* Gilroy-Bold.ttf in Resources */ = {isa = PBXBuildFile; fileRef = 90E955242A5839F9003D2109 /* Gilroy-Bold.ttf */; };
		90E955272A583B49003D2109 /* Gilroy-Regular.ttf in Resources */ = {isa = PBXBuildFile; fileRef = 90E955212A5839F9003D2109 /* Gilroy-Regular.ttf */; };
		90E955282A583B4B003D2109 /* Gilroy-SemiBold.ttf in Resources */ = {isa = PBXBuildFile; fileRef = 90E955202A5839F9003D2109 /* Gilroy-SemiBold.ttf */; };
		90E955292A583B4D003D2109 /* Teaspoon.ttf in Resources */ = {isa = PBXBuildFile; fileRef = 90E955232A5839F9003D2109 /* Teaspoon.ttf */; };
		90EE92452A49BB7A003D4471 /* Fonts.swift in Sources */ = {isa = PBXBuildFile; fileRef = 90EE92442A49BB7A003D4471 /* Fonts.swift */; };
		90EE92472A49BC51003D4471 /* R.generated.swift in Sources */ = {isa = PBXBuildFile; fileRef = 90EE92462A49BC51003D4471 /* R.generated.swift */; };
		90FF22DB2A685BFF004A166C /* RegistrationCoordinator.swift in Sources */ = {isa = PBXBuildFile; fileRef = 90FF22DA2A685BF4004A166C /* RegistrationCoordinator.swift */; };
/* End PBXBuildFile section */

/* Begin PBXFileReference section */
		4B7D69C72A65598E00EF3F75 /* Coordinator.swift */ = {isa = PBXFileReference; lastKnownFileType = sourcecode.swift; path = Coordinator.swift; sourceTree = "<group>"; };
		4B7D69CA2A6559B800EF3F75 /* AppCoordinator.swift */ = {isa = PBXFileReference; lastKnownFileType = sourcecode.swift; path = AppCoordinator.swift; sourceTree = "<group>"; };
		4B7D69CC2A655A0400EF3F75 /* OnboardingCoordinator.swift */ = {isa = PBXFileReference; lastKnownFileType = sourcecode.swift; path = OnboardingCoordinator.swift; sourceTree = "<group>"; };
		4B7D69CE2A65690800EF3F75 /* CreateProfileCoordinator.swift */ = {isa = PBXFileReference; lastKnownFileType = sourcecode.swift; path = CreateProfileCoordinator.swift; sourceTree = "<group>"; };
		808C0B482A45D51000AEC365 /* Extension.swift */ = {isa = PBXFileReference; lastKnownFileType = sourcecode.swift; path = Extension.swift; sourceTree = "<group>"; };
		87E8F1DD2A6521FA0067B7E6 /* UserDefaultsSettings.swift */ = {isa = PBXFileReference; fileEncoding = 4; lastKnownFileType = sourcecode.swift; path = UserDefaultsSettings.swift; sourceTree = "<group>"; };
		87E8F1E42A652A130067B7E6 /* RegistrationPresenter.swift */ = {isa = PBXFileReference; fileEncoding = 4; lastKnownFileType = sourcecode.swift; path = RegistrationPresenter.swift; sourceTree = "<group>"; };
		87E8F1E62A652A130067B7E6 /* RegisterViewController.swift */ = {isa = PBXFileReference; fileEncoding = 4; lastKnownFileType = sourcecode.swift; path = RegisterViewController.swift; sourceTree = "<group>"; };
		87E8F1E92A652A130067B7E6 /* CreateProfilePresenter.swift */ = {isa = PBXFileReference; fileEncoding = 4; lastKnownFileType = sourcecode.swift; path = CreateProfilePresenter.swift; sourceTree = "<group>"; };
		87E8F1EB2A652A130067B7E6 /* Model.swift */ = {isa = PBXFileReference; fileEncoding = 4; lastKnownFileType = sourcecode.swift; path = Model.swift; sourceTree = "<group>"; };
		87E8F1ED2A652A130067B7E6 /* CreateProfileVC.swift */ = {isa = PBXFileReference; fileEncoding = 4; lastKnownFileType = sourcecode.swift; path = CreateProfileVC.swift; sourceTree = "<group>"; };
		9007E6292A51996100A9E144 /* PageItems.swift */ = {isa = PBXFileReference; lastKnownFileType = sourcecode.swift; path = PageItems.swift; sourceTree = "<group>"; };
		9007E62B2A519BE300A9E144 /* PageViewController.swift */ = {isa = PBXFileReference; lastKnownFileType = sourcecode.swift; path = PageViewController.swift; sourceTree = "<group>"; };
		901BED6B2A64375000954E2E /* SubscriptionViewController.swift */ = {isa = PBXFileReference; lastKnownFileType = sourcecode.swift; path = SubscriptionViewController.swift; sourceTree = "<group>"; };
		903FA61F2A51E6690066CC4F /* ru */ = {isa = PBXFileReference; lastKnownFileType = text.plist.strings; name = ru; path = ru.lproj/Localizable.strings; sourceTree = "<group>"; };
		90464F832A5DE2D900DA431D /* PopupViewController.swift */ = {isa = PBXFileReference; lastKnownFileType = sourcecode.swift; path = PopupViewController.swift; sourceTree = "<group>"; };
		90464F872A5EEB9A00DA431D /* PopupPresenter.swift */ = {isa = PBXFileReference; lastKnownFileType = sourcecode.swift; path = PopupPresenter.swift; sourceTree = "<group>"; };
		90464F8A2A5FDE0600DA431D /* NetworkManager.swift */ = {isa = PBXFileReference; lastKnownFileType = sourcecode.swift; path = NetworkManager.swift; sourceTree = "<group>"; };
		90464F8D2A63293300DA431D /* PopupModel.swift */ = {isa = PBXFileReference; lastKnownFileType = sourcecode.swift; path = PopupModel.swift; sourceTree = "<group>"; };
		906160962A69243000715C64 /* SubscriptionCoordinator.swift */ = {isa = PBXFileReference; lastKnownFileType = sourcecode.swift; path = SubscriptionCoordinator.swift; sourceTree = "<group>"; };
		906160982A69274000715C64 /* Config.xcconfig */ = {isa = PBXFileReference; lastKnownFileType = text.xcconfig; path = Config.xcconfig; sourceTree = "<group>"; };
		906160992A6A672A00715C64 /* CustomTextField.swift */ = {isa = PBXFileReference; lastKnownFileType = sourcecode.swift; path = CustomTextField.swift; sourceTree = "<group>"; };
		9061609D2A6AB7A700715C64 /* PopupCoordinator.swift */ = {isa = PBXFileReference; lastKnownFileType = sourcecode.swift; path = PopupCoordinator.swift; sourceTree = "<group>"; };
		9061609F2A6D8D9700715C64 /* CustomSwitch.swift */ = {isa = PBXFileReference; lastKnownFileType = sourcecode.swift; path = CustomSwitch.swift; sourceTree = "<group>"; };
		906160A12A6DD2C500715C64 /* BorderView.swift */ = {isa = PBXFileReference; lastKnownFileType = sourcecode.swift; path = BorderView.swift; sourceTree = "<group>"; };
		906160A32A6DD31500715C64 /* CustomNavigationController.swift */ = {isa = PBXFileReference; lastKnownFileType = sourcecode.swift; path = CustomNavigationController.swift; sourceTree = "<group>"; };
		906160A62A6E83BF00715C64 /* SubscriptionModel.swift */ = {isa = PBXFileReference; lastKnownFileType = sourcecode.swift; path = SubscriptionModel.swift; sourceTree = "<group>"; };
		906160A82A6E83D000715C64 /* SubscriptionPresenter.swift */ = {isa = PBXFileReference; lastKnownFileType = sourcecode.swift; path = SubscriptionPresenter.swift; sourceTree = "<group>"; };
		9088870F2A4A09E400B8F04C /* PageCell.swift */ = {isa = PBXFileReference; lastKnownFileType = sourcecode.swift; path = PageCell.swift; sourceTree = "<group>"; };
		90943D5F2A51DC1400763063 /* en */ = {isa = PBXFileReference; lastKnownFileType = text.plist.strings; name = en; path = en.lproj/Localizable.strings; sourceTree = "<group>"; };
		90943D622A51DD1B00763063 /* en */ = {isa = PBXFileReference; lastKnownFileType = text.plist.strings; name = en; path = en.lproj/LaunchScreen.strings; sourceTree = "<group>"; };
		90CDD7A22A5DDFFE00945581 /* BaseButton.swift */ = {isa = PBXFileReference; lastKnownFileType = sourcecode.swift; path = BaseButton.swift; sourceTree = "<group>"; };
		90CDD7A42A5DE03500945581 /* ColorButtons.swift */ = {isa = PBXFileReference; lastKnownFileType = sourcecode.swift; path = ColorButtons.swift; sourceTree = "<group>"; };
		90E2CBB52A45B4CF00B116BE /* BabyTracker.app */ = {isa = PBXFileReference; explicitFileType = wrapper.application; includeInIndex = 0; path = BabyTracker.app; sourceTree = BUILT_PRODUCTS_DIR; };
		90E2CBB82A45B4CF00B116BE /* AppDelegate.swift */ = {isa = PBXFileReference; lastKnownFileType = sourcecode.swift; path = AppDelegate.swift; sourceTree = "<group>"; };
		90E2CBBA2A45B4CF00B116BE /* SceneDelegate.swift */ = {isa = PBXFileReference; lastKnownFileType = sourcecode.swift; path = SceneDelegate.swift; sourceTree = "<group>"; };
		90E2CBC12A45B4D000B116BE /* Assets.xcassets */ = {isa = PBXFileReference; lastKnownFileType = folder.assetcatalog; path = Assets.xcassets; sourceTree = "<group>"; };
		90E2CBC42A45B4D000B116BE /* Base */ = {isa = PBXFileReference; lastKnownFileType = file.storyboard; name = Base; path = Base.lproj/LaunchScreen.storyboard; sourceTree = "<group>"; };
		90E2CBC62A45B4D000B116BE /* Info.plist */ = {isa = PBXFileReference; lastKnownFileType = text.plist.xml; path = Info.plist; sourceTree = "<group>"; };
		90E9551D2A58120E003D2109 /* PagePresenter.swift */ = {isa = PBXFileReference; lastKnownFileType = sourcecode.swift; path = PagePresenter.swift; sourceTree = "<group>"; };
		90E955202A5839F9003D2109 /* Gilroy-SemiBold.ttf */ = {isa = PBXFileReference; lastKnownFileType = file; path = "Gilroy-SemiBold.ttf"; sourceTree = "<group>"; };
		90E955212A5839F9003D2109 /* Gilroy-Regular.ttf */ = {isa = PBXFileReference; lastKnownFileType = file; path = "Gilroy-Regular.ttf"; sourceTree = "<group>"; };
		90E955222A5839F9003D2109 /* Gilroy-Medium.ttf */ = {isa = PBXFileReference; lastKnownFileType = file; path = "Gilroy-Medium.ttf"; sourceTree = "<group>"; };
		90E955232A5839F9003D2109 /* Teaspoon.ttf */ = {isa = PBXFileReference; lastKnownFileType = file; path = Teaspoon.ttf; sourceTree = "<group>"; };
		90E955242A5839F9003D2109 /* Gilroy-Bold.ttf */ = {isa = PBXFileReference; lastKnownFileType = file; path = "Gilroy-Bold.ttf"; sourceTree = "<group>"; };
		90EE92442A49BB7A003D4471 /* Fonts.swift */ = {isa = PBXFileReference; lastKnownFileType = sourcecode.swift; path = Fonts.swift; sourceTree = "<group>"; };
		90EE92462A49BC51003D4471 /* R.generated.swift */ = {isa = PBXFileReference; fileEncoding = 4; lastKnownFileType = sourcecode.swift; name = R.generated.swift; path = BabyTracker/SupportingFiles/R.generated.swift; sourceTree = SOURCE_ROOT; };
		90FF22DA2A685BF4004A166C /* RegistrationCoordinator.swift */ = {isa = PBXFileReference; lastKnownFileType = sourcecode.swift; name = RegistrationCoordinator.swift; path = View/RegistrationCoordinator.swift; sourceTree = "<group>"; };
		A0BECB25B5C3D3F4F7A9BBF5 /* Pods-BabyTracker.debug.xcconfig */ = {isa = PBXFileReference; includeInIndex = 1; lastKnownFileType = text.xcconfig; name = "Pods-BabyTracker.debug.xcconfig"; path = "Target Support Files/Pods-BabyTracker/Pods-BabyTracker.debug.xcconfig"; sourceTree = "<group>"; };
		AD932817A05EFCBCCD2674C6 /* Pods-BabyTracker.release.xcconfig */ = {isa = PBXFileReference; includeInIndex = 1; lastKnownFileType = text.xcconfig; name = "Pods-BabyTracker.release.xcconfig"; path = "Target Support Files/Pods-BabyTracker/Pods-BabyTracker.release.xcconfig"; sourceTree = "<group>"; };
		BD69B02F405799B813B15564 /* Pods_BabyTracker.framework */ = {isa = PBXFileReference; explicitFileType = wrapper.framework; includeInIndex = 0; path = Pods_BabyTracker.framework; sourceTree = BUILT_PRODUCTS_DIR; };
/* End PBXFileReference section */

/* Begin PBXFrameworksBuildPhase section */
		90E2CBB22A45B4CF00B116BE /* Frameworks */ = {
			isa = PBXFrameworksBuildPhase;
			buildActionMask = 2147483647;
			files = (
				3F794D228B0EC88F581AE026 /* Pods_BabyTracker.framework in Frameworks */,
			);
			runOnlyForDeploymentPostprocessing = 0;
		};
/* End PBXFrameworksBuildPhase section */

/* Begin PBXGroup section */
		10568A6592C5F337351E30D6 /* Pods */ = {
			isa = PBXGroup;
			children = (
				A0BECB25B5C3D3F4F7A9BBF5 /* Pods-BabyTracker.debug.xcconfig */,
				AD932817A05EFCBCCD2674C6 /* Pods-BabyTracker.release.xcconfig */,
			);
			path = Pods;
			sourceTree = "<group>";
		};
		4B7D69C62A65595500EF3F75 /* Customs */ = {
			isa = PBXGroup;
			children = (
				90CDD7A12A5DDFEB00945581 /* Buttons */,
				906160992A6A672A00715C64 /* CustomTextField.swift */,
				9061609F2A6D8D9700715C64 /* CustomSwitch.swift */,
				906160A12A6DD2C500715C64 /* BorderView.swift */,
				906160A32A6DD31500715C64 /* CustomNavigationController.swift */,
			);
			path = Customs;
			sourceTree = "<group>";
		};
		87E8F1DC2A6521FA0067B7E6 /* Storage */ = {
			isa = PBXGroup;
			children = (
				87E8F1DD2A6521FA0067B7E6 /* UserDefaultsSettings.swift */,
			);
			path = Storage;
			sourceTree = "<group>";
		};
		87E8F1E22A652A130067B7E6 /* Registration */ = {
			isa = PBXGroup;
			children = (
				87E8F1E32A652A130067B7E6 /* Presenter */,
				87E8F1E52A652A130067B7E6 /* View */,
				90FF22DA2A685BF4004A166C /* RegistrationCoordinator.swift */,
			);
			path = Registration;
			sourceTree = "<group>";
		};
		87E8F1E32A652A130067B7E6 /* Presenter */ = {
			isa = PBXGroup;
			children = (
				87E8F1E42A652A130067B7E6 /* RegistrationPresenter.swift */,
			);
			path = Presenter;
			sourceTree = "<group>";
		};
		87E8F1E52A652A130067B7E6 /* View */ = {
			isa = PBXGroup;
			children = (
				87E8F1E62A652A130067B7E6 /* RegisterViewController.swift */,
			);
			path = View;
			sourceTree = "<group>";
		};
		87E8F1E72A652A130067B7E6 /* CreateProfile */ = {
			isa = PBXGroup;
			children = (
				87E8F1EA2A652A130067B7E6 /* Model */,
				87E8F1E82A652A130067B7E6 /* Presenter */,
				87E8F1EC2A652A130067B7E6 /* View */,
				4B7D69CE2A65690800EF3F75 /* CreateProfileCoordinator.swift */,
			);
			path = CreateProfile;
			sourceTree = "<group>";
		};
		87E8F1E82A652A130067B7E6 /* Presenter */ = {
			isa = PBXGroup;
			children = (
				87E8F1E92A652A130067B7E6 /* CreateProfilePresenter.swift */,
			);
			path = Presenter;
			sourceTree = "<group>";
		};
		87E8F1EA2A652A130067B7E6 /* Model */ = {
			isa = PBXGroup;
			children = (
				87E8F1EB2A652A130067B7E6 /* Model.swift */,
			);
			path = Model;
			sourceTree = "<group>";
		};
		87E8F1EC2A652A130067B7E6 /* View */ = {
			isa = PBXGroup;
			children = (
				87E8F1ED2A652A130067B7E6 /* CreateProfileVC.swift */,
			);
			path = View;
			sourceTree = "<group>";
		};
		903FA6202A542EC50066CC4F /* Modules */ = {
			isa = PBXGroup;
			children = (
				903FA6212A542EE30066CC4F /* OnBoarding */,
				87E8F1E22A652A130067B7E6 /* Registration */,
				87E8F1E72A652A130067B7E6 /* CreateProfile */,
				90464F7F2A5DE14500DA431D /* PopupGender */,
				90464F8F2A64343600DA431D /* Subscriptions */,
			);
			path = Modules;
			sourceTree = "<group>";
		};
		903FA6212A542EE30066CC4F /* OnBoarding */ = {
			isa = PBXGroup;
			children = (
				9067B00C2A4EF0FB005723EE /* Model */,
				9067B00E2A4EF145005723EE /* Presenter */,
				9067B00D2A4EF11D005723EE /* View */,
				4B7D69CC2A655A0400EF3F75 /* OnboardingCoordinator.swift */,
			);
			path = OnBoarding;
			sourceTree = "<group>";
		};
		90464F7F2A5DE14500DA431D /* PopupGender */ = {
			isa = PBXGroup;
			children = (
				90464F8C2A63291200DA431D /* Model */,
				90464F852A5EEA1000DA431D /* Presenter */,
				90464F862A5EEA1A00DA431D /* View */,
				9061609D2A6AB7A700715C64 /* PopupCoordinator.swift */,
			);
			path = PopupGender;
			sourceTree = "<group>";
		};
		90464F852A5EEA1000DA431D /* Presenter */ = {
			isa = PBXGroup;
			children = (
				90464F872A5EEB9A00DA431D /* PopupPresenter.swift */,
			);
			path = Presenter;
			sourceTree = "<group>";
		};
		90464F862A5EEA1A00DA431D /* View */ = {
			isa = PBXGroup;
			children = (
				90464F832A5DE2D900DA431D /* PopupViewController.swift */,
			);
			path = View;
			sourceTree = "<group>";
		};
		90464F892A5FDDE500DA431D /* Network */ = {
			isa = PBXGroup;
			children = (
				90464F8A2A5FDE0600DA431D /* NetworkManager.swift */,
			);
			path = Network;
			sourceTree = "<group>";
		};
		90464F8C2A63291200DA431D /* Model */ = {
			isa = PBXGroup;
			children = (
				90464F8D2A63293300DA431D /* PopupModel.swift */,
			);
			path = Model;
			sourceTree = "<group>";
		};
		90464F8F2A64343600DA431D /* Subscriptions */ = {
			isa = PBXGroup;
			children = (
				906160AA2A6E83D800715C64 /* Model */,
				906160AB2A6E83E700715C64 /* Presenter */,
				906160AC2A6E83ED00715C64 /* View */,
				906160962A69243000715C64 /* SubscriptionCoordinator.swift */,
			);
			path = Subscriptions;
			sourceTree = "<group>";
		};
		906160AA2A6E83D800715C64 /* Model */ = {
			isa = PBXGroup;
			children = (
				906160A62A6E83BF00715C64 /* SubscriptionModel.swift */,
			);
			path = Model;
			sourceTree = "<group>";
		};
		906160AB2A6E83E700715C64 /* Presenter */ = {
			isa = PBXGroup;
			children = (
				906160A82A6E83D000715C64 /* SubscriptionPresenter.swift */,
			);
			path = Presenter;
			sourceTree = "<group>";
		};
		906160AC2A6E83ED00715C64 /* View */ = {
			isa = PBXGroup;
			children = (
				901BED6B2A64375000954E2E /* SubscriptionViewController.swift */,
			);
			path = View;
			sourceTree = "<group>";
		};
		9067B00C2A4EF0FB005723EE /* Model */ = {
			isa = PBXGroup;
			children = (
				9007E6292A51996100A9E144 /* PageItems.swift */,
			);
			path = Model;
			sourceTree = "<group>";
		};
		9067B00D2A4EF11D005723EE /* View */ = {
			isa = PBXGroup;
			children = (
				9007E62B2A519BE300A9E144 /* PageViewController.swift */,
				9088870F2A4A09E400B8F04C /* PageCell.swift */,
			);
			path = View;
			sourceTree = "<group>";
		};
		9067B00E2A4EF145005723EE /* Presenter */ = {
			isa = PBXGroup;
			children = (
				90E9551D2A58120E003D2109 /* PagePresenter.swift */,
			);
			path = Presenter;
			sourceTree = "<group>";
		};
		9067B00F2A4EF394005723EE /* App */ = {
			isa = PBXGroup;
			children = (
				90E2CBB82A45B4CF00B116BE /* AppDelegate.swift */,
				90E2CBBA2A45B4CF00B116BE /* SceneDelegate.swift */,
				4B7D69C72A65598E00EF3F75 /* Coordinator.swift */,
				4B7D69CA2A6559B800EF3F75 /* AppCoordinator.swift */,
			);
			path = App;
			sourceTree = "<group>";
		};
		9067B0102A4EF3BA005723EE /* SupportingFiles */ = {
			isa = PBXGroup;
			children = (
				90EE92462A49BC51003D4471 /* R.generated.swift */,
				90E2CBC32A45B4D000B116BE /* LaunchScreen.storyboard */,
				90E2CBC62A45B4D000B116BE /* Info.plist */,
			);
			path = SupportingFiles;
			sourceTree = "<group>";
		};
		9067B0112A4EF4C3005723EE /* Extensions */ = {
			isa = PBXGroup;
			children = (
				808C0B482A45D51000AEC365 /* Extension.swift */,
			);
			path = Extensions;
			sourceTree = "<group>";
		};
		90CDD7A12A5DDFEB00945581 /* Buttons */ = {
			isa = PBXGroup;
			children = (
				90CDD7A22A5DDFFE00945581 /* BaseButton.swift */,
				90CDD7A42A5DE03500945581 /* ColorButtons.swift */,
			);
			path = Buttons;
			sourceTree = "<group>";
		};
		90E2CBAC2A45B4CF00B116BE = {
			isa = PBXGroup;
			children = (
				906160982A69274000715C64 /* Config.xcconfig */,
				90E2CBB72A45B4CF00B116BE /* BabyTracker */,
				90E2CBB62A45B4CF00B116BE /* Products */,
				10568A6592C5F337351E30D6 /* Pods */,
				AB0758CC3829F7271B9ACE4F /* Frameworks */,
			);
			sourceTree = "<group>";
		};
		90E2CBB62A45B4CF00B116BE /* Products */ = {
			isa = PBXGroup;
			children = (
				90E2CBB52A45B4CF00B116BE /* BabyTracker.app */,
			);
			name = Products;
			sourceTree = "<group>";
		};
		90E2CBB72A45B4CF00B116BE /* BabyTracker */ = {
			isa = PBXGroup;
			children = (
				90464F892A5FDDE500DA431D /* Network */,
				9067B00F2A4EF394005723EE /* App */,
				4B7D69C62A65595500EF3F75 /* Customs */,
				87E8F1DC2A6521FA0067B7E6 /* Storage */,
				903FA6202A542EC50066CC4F /* Modules */,
				9067B0112A4EF4C3005723EE /* Extensions */,
				9067B0102A4EF3BA005723EE /* SupportingFiles */,
				90EE92432A49BB6B003D4471 /* Resources */,
			);
			path = BabyTracker;
			sourceTree = "<group>";
		};
		90E9551F2A5839E5003D2109 /* Fonts */ = {
			isa = PBXGroup;
			children = (
				90EE92442A49BB7A003D4471 /* Fonts.swift */,
				90E955242A5839F9003D2109 /* Gilroy-Bold.ttf */,
				90E955222A5839F9003D2109 /* Gilroy-Medium.ttf */,
				90E955212A5839F9003D2109 /* Gilroy-Regular.ttf */,
				90E955202A5839F9003D2109 /* Gilroy-SemiBold.ttf */,
				90E955232A5839F9003D2109 /* Teaspoon.ttf */,
			);
			path = Fonts;
			sourceTree = "<group>";
		};
		90EE92432A49BB6B003D4471 /* Resources */ = {
			isa = PBXGroup;
			children = (
				90E9551F2A5839E5003D2109 /* Fonts */,
				90E2CBC12A45B4D000B116BE /* Assets.xcassets */,
				90943D602A51DC1400763063 /* Localizable.strings */,
			);
			path = Resources;
			sourceTree = "<group>";
		};
		AB0758CC3829F7271B9ACE4F /* Frameworks */ = {
			isa = PBXGroup;
			children = (
				BD69B02F405799B813B15564 /* Pods_BabyTracker.framework */,
			);
			name = Frameworks;
			sourceTree = "<group>";
		};
/* End PBXGroup section */

/* Begin PBXNativeTarget section */
		90E2CBB42A45B4CF00B116BE /* BabyTracker */ = {
			isa = PBXNativeTarget;
			buildConfigurationList = 90E2CBC92A45B4D000B116BE /* Build configuration list for PBXNativeTarget "BabyTracker" */;
			buildPhases = (
				A9810F3A1CAB61DECD2757F5 /* [CP] Check Pods Manifest.lock */,
				906D72102A49B96A00303644 /* ShellScript */,
				90E2CBB12A45B4CF00B116BE /* Sources */,
				90E2CBB22A45B4CF00B116BE /* Frameworks */,
				90E2CBB32A45B4CF00B116BE /* Resources */,
				D0ACD107BD26180B0DF5DC82 /* [CP] Embed Pods Frameworks */,
			);
			buildRules = (
			);
			dependencies = (
			);
			name = BabyTracker;
			packageProductDependencies = (
			);
			productName = BabyTracker;
			productReference = 90E2CBB52A45B4CF00B116BE /* BabyTracker.app */;
			productType = "com.apple.product-type.application";
		};
/* End PBXNativeTarget section */

/* Begin PBXProject section */
		90E2CBAD2A45B4CF00B116BE /* Project object */ = {
			isa = PBXProject;
			attributes = {
				BuildIndependentTargetsInParallel = 1;
				KnownAssetTags = (
					New,
				);
				LastSwiftUpdateCheck = 1430;
				LastUpgradeCheck = 1430;
				TargetAttributes = {
					90E2CBB42A45B4CF00B116BE = {
						CreatedOnToolsVersion = 14.3;
					};
				};
			};
			buildConfigurationList = 90E2CBB02A45B4CF00B116BE /* Build configuration list for PBXProject "BabyTracker" */;
			compatibilityVersion = "Xcode 14.0";
			developmentRegion = en;
			hasScannedForEncodings = 0;
			knownRegions = (
				en,
				Base,
				ru,
			);
			mainGroup = 90E2CBAC2A45B4CF00B116BE;
			packageReferences = (
			);
			productRefGroup = 90E2CBB62A45B4CF00B116BE /* Products */;
			projectDirPath = "";
			projectRoot = "";
			targets = (
				90E2CBB42A45B4CF00B116BE /* BabyTracker */,
			);
		};
/* End PBXProject section */

/* Begin PBXResourcesBuildPhase section */
		90E2CBB32A45B4CF00B116BE /* Resources */ = {
			isa = PBXResourcesBuildPhase;
			buildActionMask = 2147483647;
			files = (
				90E2CBC52A45B4D000B116BE /* LaunchScreen.storyboard in Resources */,
				90E955292A583B4D003D2109 /* Teaspoon.ttf in Resources */,
				90E955272A583B49003D2109 /* Gilroy-Regular.ttf in Resources */,
				90E955252A583B44003D2109 /* Gilroy-Medium.ttf in Resources */,
				90E955262A583B46003D2109 /* Gilroy-Bold.ttf in Resources */,
				90E955282A583B4B003D2109 /* Gilroy-SemiBold.ttf in Resources */,
				90E2CBC22A45B4D000B116BE /* Assets.xcassets in Resources */,
				90943D5E2A51DC1400763063 /* Localizable.strings in Resources */,
			);
			runOnlyForDeploymentPostprocessing = 0;
		};
/* End PBXResourcesBuildPhase section */

/* Begin PBXShellScriptBuildPhase section */
		906D72102A49B96A00303644 /* ShellScript */ = {
			isa = PBXShellScriptBuildPhase;
			alwaysOutOfDate = 1;
			buildActionMask = 2147483647;
			files = (
			);
			inputFileListPaths = (
			);
			inputPaths = (
			);
			outputFileListPaths = (
			);
			outputPaths = (
				$SRCROOT/BabyTracker/SupportingFiles/R.generated.swift,
			);
			runOnlyForDeploymentPostprocessing = 0;
			shellPath = /bin/sh;
			shellScript = "\"$PODS_ROOT/R.swift/rswift\" generate \"$SRCROOT/BabyTracker/SupportingFiles/R.generated.swift\"\n";
		};
		A9810F3A1CAB61DECD2757F5 /* [CP] Check Pods Manifest.lock */ = {
			isa = PBXShellScriptBuildPhase;
			buildActionMask = 2147483647;
			files = (
			);
			inputFileListPaths = (
			);
			inputPaths = (
				"${PODS_PODFILE_DIR_PATH}/Podfile.lock",
				"${PODS_ROOT}/Manifest.lock",
			);
			name = "[CP] Check Pods Manifest.lock";
			outputFileListPaths = (
			);
			outputPaths = (
				"$(DERIVED_FILE_DIR)/Pods-BabyTracker-checkManifestLockResult.txt",
			);
			runOnlyForDeploymentPostprocessing = 0;
			shellPath = /bin/sh;
			shellScript = "diff \"${PODS_PODFILE_DIR_PATH}/Podfile.lock\" \"${PODS_ROOT}/Manifest.lock\" > /dev/null\nif [ $? != 0 ] ; then\n    # print error to STDERR\n    echo \"error: The sandbox is not in sync with the Podfile.lock. Run 'pod install' or update your CocoaPods installation.\" >&2\n    exit 1\nfi\n# This output is used by Xcode 'outputs' to avoid re-running this script phase.\necho \"SUCCESS\" > \"${SCRIPT_OUTPUT_FILE_0}\"\n";
			showEnvVarsInLog = 0;
		};
		D0ACD107BD26180B0DF5DC82 /* [CP] Embed Pods Frameworks */ = {
			isa = PBXShellScriptBuildPhase;
			buildActionMask = 2147483647;
			files = (
			);
			inputFileListPaths = (
				"${PODS_ROOT}/Target Support Files/Pods-BabyTracker/Pods-BabyTracker-frameworks-${CONFIGURATION}-input-files.xcfilelist",
			);
			name = "[CP] Embed Pods Frameworks";
			outputFileListPaths = (
				"${PODS_ROOT}/Target Support Files/Pods-BabyTracker/Pods-BabyTracker-frameworks-${CONFIGURATION}-output-files.xcfilelist",
			);
			runOnlyForDeploymentPostprocessing = 0;
			shellPath = /bin/sh;
			shellScript = "\"${PODS_ROOT}/Target Support Files/Pods-BabyTracker/Pods-BabyTracker-frameworks.sh\"\n";
			showEnvVarsInLog = 0;
		};
/* End PBXShellScriptBuildPhase section */

/* Begin PBXSourcesBuildPhase section */
		90E2CBB12A45B4CF00B116BE /* Sources */ = {
			isa = PBXSourcesBuildPhase;
			buildActionMask = 2147483647;
			files = (
				90464F8B2A5FDE0600DA431D /* NetworkManager.swift in Sources */,
				906160A42A6DD31500715C64 /* CustomNavigationController.swift in Sources */,
				906160A72A6E83BF00715C64 /* SubscriptionModel.swift in Sources */,
				90CDD7A32A5DDFFE00945581 /* BaseButton.swift in Sources */,
				90EE92452A49BB7A003D4471 /* Fonts.swift in Sources */,
				90CDD7A52A5DE03500945581 /* ColorButtons.swift in Sources */,
				906160A22A6DD2C500715C64 /* BorderView.swift in Sources */,
				901BED6C2A64375000954E2E /* SubscriptionViewController.swift in Sources */,
				90464F882A5EEB9A00DA431D /* PopupPresenter.swift in Sources */,
				906160972A69243000715C64 /* SubscriptionCoordinator.swift in Sources */,
				908887102A4A09E400B8F04C /* PageCell.swift in Sources */,
				9007E62A2A51996100A9E144 /* PageItems.swift in Sources */,
				87E8F1DE2A6521FA0067B7E6 /* UserDefaultsSettings.swift in Sources */,
				87E8F1F02A652A130067B7E6 /* CreateProfilePresenter.swift in Sources */,
				90464F842A5DE2D900DA431D /* PopupViewController.swift in Sources */,
				90464F8E2A63293300DA431D /* PopupModel.swift in Sources */,
				90E2CBB92A45B4CF00B116BE /* AppDelegate.swift in Sources */,
				4B7D69C82A65598E00EF3F75 /* Coordinator.swift in Sources */,
				906160A92A6E83D000715C64 /* SubscriptionPresenter.swift in Sources */,
				87E8F1F22A652A130067B7E6 /* CreateProfileVC.swift in Sources */,
				9061609A2A6A672A00715C64 /* CustomTextField.swift in Sources */,
				87E8F1EF2A652A130067B7E6 /* RegisterViewController.swift in Sources */,
				4B7D69CD2A655A0400EF3F75 /* OnboardingCoordinator.swift in Sources */,
				87E8F1EE2A652A130067B7E6 /* RegistrationPresenter.swift in Sources */,
				4B7D69CB2A6559B800EF3F75 /* AppCoordinator.swift in Sources */,
				87E8F1F12A652A130067B7E6 /* Model.swift in Sources */,
				90FF22DB2A685BFF004A166C /* RegistrationCoordinator.swift in Sources */,
				90E9551E2A58120E003D2109 /* PagePresenter.swift in Sources */,
				9061609E2A6AB7A700715C64 /* PopupCoordinator.swift in Sources */,
				906160A02A6D8D9700715C64 /* CustomSwitch.swift in Sources */,
				90E2CBBB2A45B4CF00B116BE /* SceneDelegate.swift in Sources */,
				808C0B492A45D51000AEC365 /* Extension.swift in Sources */,
				90EE92472A49BC51003D4471 /* R.generated.swift in Sources */,
				4B7D69CF2A65690800EF3F75 /* CreateProfileCoordinator.swift in Sources */,
				9007E62C2A519BE300A9E144 /* PageViewController.swift in Sources */,
			);
			runOnlyForDeploymentPostprocessing = 0;
		};
/* End PBXSourcesBuildPhase section */

/* Begin PBXVariantGroup section */
		90943D602A51DC1400763063 /* Localizable.strings */ = {
			isa = PBXVariantGroup;
			children = (
				90943D5F2A51DC1400763063 /* en */,
				903FA61F2A51E6690066CC4F /* ru */,
			);
			name = Localizable.strings;
			sourceTree = "<group>";
		};
		90E2CBC32A45B4D000B116BE /* LaunchScreen.storyboard */ = {
			isa = PBXVariantGroup;
			children = (
				90E2CBC42A45B4D000B116BE /* Base */,
				90943D622A51DD1B00763063 /* en */,
			);
			name = LaunchScreen.storyboard;
			sourceTree = "<group>";
		};
/* End PBXVariantGroup section */

/* Begin XCBuildConfiguration section */
		90E2CBC72A45B4D000B116BE /* Debug */ = {
			isa = XCBuildConfiguration;
			baseConfigurationReference = 906160982A69274000715C64 /* Config.xcconfig */;
			buildSettings = {
				ALWAYS_SEARCH_USER_PATHS = NO;
				CLANG_ANALYZER_LOCALIZABILITY_NONLOCALIZED = YES;
				CLANG_ANALYZER_NONNULL = YES;
				CLANG_ANALYZER_NUMBER_OBJECT_CONVERSION = YES_AGGRESSIVE;
				CLANG_CXX_LANGUAGE_STANDARD = "gnu++20";
				CLANG_ENABLE_MODULES = YES;
				CLANG_ENABLE_OBJC_ARC = YES;
				CLANG_ENABLE_OBJC_WEAK = YES;
				CLANG_WARN_BLOCK_CAPTURE_AUTORELEASING = YES;
				CLANG_WARN_BOOL_CONVERSION = YES;
				CLANG_WARN_COMMA = YES;
				CLANG_WARN_CONSTANT_CONVERSION = YES;
				CLANG_WARN_DEPRECATED_OBJC_IMPLEMENTATIONS = YES;
				CLANG_WARN_DIRECT_OBJC_ISA_USAGE = YES_ERROR;
				CLANG_WARN_DOCUMENTATION_COMMENTS = YES;
				CLANG_WARN_EMPTY_BODY = YES;
				CLANG_WARN_ENUM_CONVERSION = YES;
				CLANG_WARN_INFINITE_RECURSION = YES;
				CLANG_WARN_INT_CONVERSION = YES;
				CLANG_WARN_NON_LITERAL_NULL_CONVERSION = YES;
				CLANG_WARN_OBJC_IMPLICIT_RETAIN_SELF = YES;
				CLANG_WARN_OBJC_LITERAL_CONVERSION = YES;
				CLANG_WARN_OBJC_ROOT_CLASS = YES_ERROR;
				CLANG_WARN_QUOTED_INCLUDE_IN_FRAMEWORK_HEADER = YES;
				CLANG_WARN_RANGE_LOOP_ANALYSIS = YES;
				CLANG_WARN_STRICT_PROTOTYPES = YES;
				CLANG_WARN_SUSPICIOUS_MOVE = YES;
				CLANG_WARN_UNGUARDED_AVAILABILITY = YES_AGGRESSIVE;
				CLANG_WARN_UNREACHABLE_CODE = YES;
				CLANG_WARN__DUPLICATE_METHOD_MATCH = YES;
				COPY_PHASE_STRIP = NO;
				DEBUG_INFORMATION_FORMAT = dwarf;
				ENABLE_STRICT_OBJC_MSGSEND = YES;
				ENABLE_TESTABILITY = YES;
				GCC_C_LANGUAGE_STANDARD = gnu11;
				GCC_DYNAMIC_NO_PIC = NO;
				GCC_NO_COMMON_BLOCKS = YES;
				GCC_OPTIMIZATION_LEVEL = 0;
				GCC_PREPROCESSOR_DEFINITIONS = (
					"DEBUG=1",
					"$(inherited)",
				);
				GCC_WARN_64_TO_32_BIT_CONVERSION = YES;
				GCC_WARN_ABOUT_RETURN_TYPE = YES_ERROR;
				GCC_WARN_UNDECLARED_SELECTOR = YES;
				GCC_WARN_UNINITIALIZED_AUTOS = YES_AGGRESSIVE;
				GCC_WARN_UNUSED_FUNCTION = YES;
				GCC_WARN_UNUSED_VARIABLE = YES;
				IPHONEOS_DEPLOYMENT_TARGET = 14.0;
				MTL_ENABLE_DEBUG_INFO = INCLUDE_SOURCE;
				MTL_FAST_MATH = YES;
				ONLY_ACTIVE_ARCH = YES;
				SDKROOT = iphoneos;
				SWIFT_ACTIVE_COMPILATION_CONDITIONS = DEBUG;
				SWIFT_OPTIMIZATION_LEVEL = "-Onone";
			};
			name = Debug;
		};
		90E2CBC82A45B4D000B116BE /* Release */ = {
			isa = XCBuildConfiguration;
			baseConfigurationReference = 906160982A69274000715C64 /* Config.xcconfig */;
			buildSettings = {
				ALWAYS_SEARCH_USER_PATHS = NO;
				CLANG_ANALYZER_LOCALIZABILITY_NONLOCALIZED = YES;
				CLANG_ANALYZER_NONNULL = YES;
				CLANG_ANALYZER_NUMBER_OBJECT_CONVERSION = YES_AGGRESSIVE;
				CLANG_CXX_LANGUAGE_STANDARD = "gnu++20";
				CLANG_ENABLE_MODULES = YES;
				CLANG_ENABLE_OBJC_ARC = YES;
				CLANG_ENABLE_OBJC_WEAK = YES;
				CLANG_WARN_BLOCK_CAPTURE_AUTORELEASING = YES;
				CLANG_WARN_BOOL_CONVERSION = YES;
				CLANG_WARN_COMMA = YES;
				CLANG_WARN_CONSTANT_CONVERSION = YES;
				CLANG_WARN_DEPRECATED_OBJC_IMPLEMENTATIONS = YES;
				CLANG_WARN_DIRECT_OBJC_ISA_USAGE = YES_ERROR;
				CLANG_WARN_DOCUMENTATION_COMMENTS = YES;
				CLANG_WARN_EMPTY_BODY = YES;
				CLANG_WARN_ENUM_CONVERSION = YES;
				CLANG_WARN_INFINITE_RECURSION = YES;
				CLANG_WARN_INT_CONVERSION = YES;
				CLANG_WARN_NON_LITERAL_NULL_CONVERSION = YES;
				CLANG_WARN_OBJC_IMPLICIT_RETAIN_SELF = YES;
				CLANG_WARN_OBJC_LITERAL_CONVERSION = YES;
				CLANG_WARN_OBJC_ROOT_CLASS = YES_ERROR;
				CLANG_WARN_QUOTED_INCLUDE_IN_FRAMEWORK_HEADER = YES;
				CLANG_WARN_RANGE_LOOP_ANALYSIS = YES;
				CLANG_WARN_STRICT_PROTOTYPES = YES;
				CLANG_WARN_SUSPICIOUS_MOVE = YES;
				CLANG_WARN_UNGUARDED_AVAILABILITY = YES_AGGRESSIVE;
				CLANG_WARN_UNREACHABLE_CODE = YES;
				CLANG_WARN__DUPLICATE_METHOD_MATCH = YES;
				COPY_PHASE_STRIP = NO;
				DEBUG_INFORMATION_FORMAT = "dwarf-with-dsym";
				ENABLE_NS_ASSERTIONS = NO;
				ENABLE_STRICT_OBJC_MSGSEND = YES;
				GCC_C_LANGUAGE_STANDARD = gnu11;
				GCC_NO_COMMON_BLOCKS = YES;
				GCC_WARN_64_TO_32_BIT_CONVERSION = YES;
				GCC_WARN_ABOUT_RETURN_TYPE = YES_ERROR;
				GCC_WARN_UNDECLARED_SELECTOR = YES;
				GCC_WARN_UNINITIALIZED_AUTOS = YES_AGGRESSIVE;
				GCC_WARN_UNUSED_FUNCTION = YES;
				GCC_WARN_UNUSED_VARIABLE = YES;
				IPHONEOS_DEPLOYMENT_TARGET = 14.0;
				MTL_ENABLE_DEBUG_INFO = NO;
				MTL_FAST_MATH = YES;
				SDKROOT = iphoneos;
				SWIFT_COMPILATION_MODE = wholemodule;
				SWIFT_OPTIMIZATION_LEVEL = "-O";
				VALIDATE_PRODUCT = YES;
			};
			name = Release;
		};
		90E2CBCA2A45B4D000B116BE /* Debug */ = {
			isa = XCBuildConfiguration;
			baseConfigurationReference = A0BECB25B5C3D3F4F7A9BBF5 /* Pods-BabyTracker.debug.xcconfig */;
			buildSettings = {
				ASSETCATALOG_COMPILER_APPICON_NAME = AppIcon;
				ASSETCATALOG_COMPILER_GLOBAL_ACCENT_COLOR_NAME = AccentColor;
				CODE_SIGN_STYLE = Automatic;
				CURRENT_PROJECT_VERSION = 1;
				DEVELOPMENT_TEAM = GTMA39LQ82;
				GENERATE_INFOPLIST_FILE = YES;
				INFOPLIST_FILE = BabyTracker/SupportingFiles/Info.plist;
				INFOPLIST_KEY_UIApplicationSupportsIndirectInputEvents = YES;
				INFOPLIST_KEY_UILaunchStoryboardName = LaunchScreen;
				INFOPLIST_KEY_UISupportedInterfaceOrientations_iPad = "UIInterfaceOrientationPortrait UIInterfaceOrientationPortraitUpsideDown UIInterfaceOrientationLandscapeLeft UIInterfaceOrientationLandscapeRight";
				INFOPLIST_KEY_UISupportedInterfaceOrientations_iPhone = "UIInterfaceOrientationPortrait UIInterfaceOrientationLandscapeLeft UIInterfaceOrientationLandscapeRight";
				IPHONEOS_DEPLOYMENT_TARGET = 16.0;
				LD_RUNPATH_SEARCH_PATHS = (
					"$(inherited)",
					"@executable_path/Frameworks",
				);
				MARKETING_VERSION = 1.0;
				PRODUCT_BUNDLE_IDENTIFIER = app.BabyTracker;
				PRODUCT_NAME = "$(TARGET_NAME)";
				SWIFT_EMIT_LOC_STRINGS = YES;
				SWIFT_VERSION = 5.0;
				TARGETED_DEVICE_FAMILY = "1,2";
			};
			name = Debug;
		};
		90E2CBCB2A45B4D000B116BE /* Release */ = {
			isa = XCBuildConfiguration;
			baseConfigurationReference = AD932817A05EFCBCCD2674C6 /* Pods-BabyTracker.release.xcconfig */;
			buildSettings = {
				ASSETCATALOG_COMPILER_APPICON_NAME = AppIcon;
				ASSETCATALOG_COMPILER_GLOBAL_ACCENT_COLOR_NAME = AccentColor;
				CODE_SIGN_STYLE = Automatic;
				CURRENT_PROJECT_VERSION = 1;
				DEVELOPMENT_TEAM = GTMA39LQ82;
				GENERATE_INFOPLIST_FILE = YES;
				INFOPLIST_FILE = BabyTracker/SupportingFiles/Info.plist;
				INFOPLIST_KEY_UIApplicationSupportsIndirectInputEvents = YES;
				INFOPLIST_KEY_UILaunchStoryboardName = LaunchScreen;
				INFOPLIST_KEY_UISupportedInterfaceOrientations_iPad = "UIInterfaceOrientationPortrait UIInterfaceOrientationPortraitUpsideDown UIInterfaceOrientationLandscapeLeft UIInterfaceOrientationLandscapeRight";
				INFOPLIST_KEY_UISupportedInterfaceOrientations_iPhone = "UIInterfaceOrientationPortrait UIInterfaceOrientationLandscapeLeft UIInterfaceOrientationLandscapeRight";
				IPHONEOS_DEPLOYMENT_TARGET = 16.0;
				LD_RUNPATH_SEARCH_PATHS = (
					"$(inherited)",
					"@executable_path/Frameworks",
				);
				MARKETING_VERSION = 1.0;
				PRODUCT_BUNDLE_IDENTIFIER = app.BabyTracker;
				PRODUCT_NAME = "$(TARGET_NAME)";
				SWIFT_EMIT_LOC_STRINGS = YES;
				SWIFT_VERSION = 5.0;
				TARGETED_DEVICE_FAMILY = "1,2";
			};
			name = Release;
		};
/* End XCBuildConfiguration section */

/* Begin XCConfigurationList section */
		90E2CBB02A45B4CF00B116BE /* Build configuration list for PBXProject "BabyTracker" */ = {
			isa = XCConfigurationList;
			buildConfigurations = (
				90E2CBC72A45B4D000B116BE /* Debug */,
				90E2CBC82A45B4D000B116BE /* Release */,
			);
			defaultConfigurationIsVisible = 0;
			defaultConfigurationName = Release;
		};
		90E2CBC92A45B4D000B116BE /* Build configuration list for PBXNativeTarget "BabyTracker" */ = {
			isa = XCConfigurationList;
			buildConfigurations = (
				90E2CBCA2A45B4D000B116BE /* Debug */,
				90E2CBCB2A45B4D000B116BE /* Release */,
			);
			defaultConfigurationIsVisible = 0;
			defaultConfigurationName = Release;
		};
/* End XCConfigurationList section */
	};
	rootObject = 90E2CBAD2A45B4CF00B116BE /* Project object */;
}
